
Microsoft Visual Studio Solution File, Format Version 12.00
# Visual Studio Version 16
VisualStudioVersion = 16.0.30225.117
MinimumVisualStudioVersion = 10.0.40219.1
Project("{2150E333-8FDC-42A3-9474-1A3956D46DE8}") = "1 - Services", "1 - Services", "{19F90582-2C6D-42C8-A291-4F7A9E1D6885}"
EndProject
Project("{2150E333-8FDC-42A3-9474-1A3956D46DE8}") = "2 - Application", "2 - Application", "{021A0ECB-63DD-46C8-B146-4B1F4D798BC1}"
EndProject
Project("{2150E333-8FDC-42A3-9474-1A3956D46DE8}") = "3 - Domain", "3 - Domain", "{02BB73A2-6B60-4194-B58F-64AD8049EFEE}"
EndProject
Project("{2150E333-8FDC-42A3-9474-1A3956D46DE8}") = "4 - Infra", "4 - Infra", "{DEDAEEB9-7EA0-4EB5-94F3-24F38E1F4CB8}"
EndProject
Project("{2150E333-8FDC-42A3-9474-1A3956D46DE8}") = "4.1 - Data", "4.1 - Data", "{B12D2313-3603-4846-8F00-18DA88E734E0}"
EndProject
Project("{2150E333-8FDC-42A3-9474-1A3956D46DE8}") = "4.2 - CrossCutting", "4.2 - CrossCutting", "{2EAD14E4-95D3-4235-9645-11981BDADED8}"
EndProject
Project("{2150E333-8FDC-42A3-9474-1A3956D46DE8}") = "5 - Test", "5 - Test", "{870287DA-ACAC-46FE-9009-2AEDE8250932}"
EndProject
Project("{9A19103F-16F7-4668-BE54-9A1E7A4F7556}") = "Example.Test", "Example.Test\Example.Test.csproj", "{4FB91F43-4CC9-4CB8-B1DA-D7C5E8D8D927}"
EndProject
Project("{9A19103F-16F7-4668-BE54-9A1E7A4F7556}") = "Example.Data.Oracle.Nhibernate", "Example.Data.Oracle.Nhibernate\Example.Data.Oracle.Nhibernate.csproj", "{B9614418-224B-453C-A6D5-5D4C28F6B215}"
EndProject
Project("{9A19103F-16F7-4668-BE54-9A1E7A4F7556}") = "Example.Infra.CrossCutting.Bus", "Example.Infra.CrossCutting.Bus\Example.Infra.CrossCutting.Bus.csproj", "{896779C8-DF71-443B-B98F-9AA1B3F7A6F2}"
EndProject
Project("{9A19103F-16F7-4668-BE54-9A1E7A4F7556}") = "Example.Infra.CrossCutting.IoC", "Example.Infra.CrossCutting.IoC\Example.Infra.CrossCutting.IoC.csproj", "{4CC29693-A92D-4DFA-B666-8A728110B5B0}"
EndProject
Project("{9A19103F-16F7-4668-BE54-9A1E7A4F7556}") = "Example.Domain", "Example.Domain\Example.Domain.csproj", "{ED9FB0F8-4748-44FD-837D-1414235D5114}"
EndProject
Project("{9A19103F-16F7-4668-BE54-9A1E7A4F7556}") = "Example.Domain.Core", "Example.Domain.Core\Example.Domain.Core.csproj", "{A076E3B9-13EF-409F-90AA-63F6D805BB99}"
EndProject
Project("{9A19103F-16F7-4668-BE54-9A1E7A4F7556}") = "Example.Application", "Example.Application\Example.Application.csproj", "{688D651E-5AEF-47A6-9ACA-A35D0A3CD58B}"
EndProject
Project("{9A19103F-16F7-4668-BE54-9A1E7A4F7556}") = "Example.Taxa.WebApi", "Example.Taxa.WebApi\Example.Taxa.WebApi.csproj", "{8DA85A07-55CB-46F3-AFE4-1F7A6791AF11}"
EndProject
Project("{FAE04EC0-301F-11D3-BF4B-00C04F79EFBC}") = "Example.Calculo.WebApi", "Example.Calculo.WebApi\Example.Calculo.WebApi.csproj", "{91A23D9C-93E7-4996-95DE-EDFACFB0ABDB}"
EndProject
Global
	GlobalSection(SolutionConfigurationPlatforms) = preSolution
		Debug|Any CPU = Debug|Any CPU
		Release|Any CPU = Release|Any CPU
	EndGlobalSection
	GlobalSection(ProjectConfigurationPlatforms) = postSolution
		{4FB91F43-4CC9-4CB8-B1DA-D7C5E8D8D927}.Debug|Any CPU.ActiveCfg = Debug|Any CPU
		{4FB91F43-4CC9-4CB8-B1DA-D7C5E8D8D927}.Debug|Any CPU.Build.0 = Debug|Any CPU
		{4FB91F43-4CC9-4CB8-B1DA-D7C5E8D8D927}.Release|Any CPU.ActiveCfg = Release|Any CPU
		{4FB91F43-4CC9-4CB8-B1DA-D7C5E8D8D927}.Release|Any CPU.Build.0 = Release|Any CPU
		{B9614418-224B-453C-A6D5-5D4C28F6B215}.Debug|Any CPU.ActiveCfg = Debug|Any CPU
		{B9614418-224B-453C-A6D5-5D4C28F6B215}.Debug|Any CPU.Build.0 = Debug|Any CPU
		{B9614418-224B-453C-A6D5-5D4C28F6B215}.Release|Any CPU.ActiveCfg = Release|Any CPU
		{B9614418-224B-453C-A6D5-5D4C28F6B215}.Release|Any CPU.Build.0 = Release|Any CPU
		{896779C8-DF71-443B-B98F-9AA1B3F7A6F2}.Debug|Any CPU.ActiveCfg = Debug|Any CPU
		{896779C8-DF71-443B-B98F-9AA1B3F7A6F2}.Debug|Any CPU.Build.0 = Debug|Any CPU
		{896779C8-DF71-443B-B98F-9AA1B3F7A6F2}.Release|Any CPU.ActiveCfg = Release|Any CPU
		{896779C8-DF71-443B-B98F-9AA1B3F7A6F2}.Release|Any CPU.Build.0 = Release|Any CPU
		{4CC29693-A92D-4DFA-B666-8A728110B5B0}.Debug|Any CPU.ActiveCfg = Debug|Any CPU
		{4CC29693-A92D-4DFA-B666-8A728110B5B0}.Debug|Any CPU.Build.0 = Debug|Any CPU
		{4CC29693-A92D-4DFA-B666-8A728110B5B0}.Release|Any CPU.ActiveCfg = Release|Any CPU
		{4CC29693-A92D-4DFA-B666-8A728110B5B0}.Release|Any CPU.Build.0 = Release|Any CPU
		{ED9FB0F8-4748-44FD-837D-1414235D5114}.Debug|Any CPU.ActiveCfg = Debug|Any CPU
		{ED9FB0F8-4748-44FD-837D-1414235D5114}.Debug|Any CPU.Build.0 = Debug|Any CPU
		{ED9FB0F8-4748-44FD-837D-1414235D5114}.Release|Any CPU.ActiveCfg = Release|Any CPU
		{ED9FB0F8-4748-44FD-837D-1414235D5114}.Release|Any CPU.Build.0 = Release|Any CPU
		{A076E3B9-13EF-409F-90AA-63F6D805BB99}.Debug|Any CPU.ActiveCfg = Debug|Any CPU
		{A076E3B9-13EF-409F-90AA-63F6D805BB99}.Debug|Any CPU.Build.0 = Debug|Any CPU
		{A076E3B9-13EF-409F-90AA-63F6D805BB99}.Release|Any CPU.ActiveCfg = Release|Any CPU
		{A076E3B9-13EF-409F-90AA-63F6D805BB99}.Release|Any CPU.Build.0 = Release|Any CPU
		{688D651E-5AEF-47A6-9ACA-A35D0A3CD58B}.Debug|Any CPU.ActiveCfg = Debug|Any CPU
		{688D651E-5AEF-47A6-9ACA-A35D0A3CD58B}.Debug|Any CPU.Build.0 = Debug|Any CPU
		{688D651E-5AEF-47A6-9ACA-A35D0A3CD58B}.Release|Any CPU.ActiveCfg = Release|Any CPU
		{688D651E-5AEF-47A6-9ACA-A35D0A3CD58B}.Release|Any CPU.Build.0 = Release|Any CPU
		{8DA85A07-55CB-46F3-AFE4-1F7A6791AF11}.Debug|Any CPU.ActiveCfg = Debug|Any CPU
		{8DA85A07-55CB-46F3-AFE4-1F7A6791AF11}.Debug|Any CPU.Build.0 = Debug|Any CPU
		{8DA85A07-55CB-46F3-AFE4-1F7A6791AF11}.Release|Any CPU.ActiveCfg = Release|Any CPU
		{8DA85A07-55CB-46F3-AFE4-1F7A6791AF11}.Release|Any CPU.Build.0 = Release|Any CPU
		{91A23D9C-93E7-4996-95DE-EDFACFB0ABDB}.Debug|Any CPU.ActiveCfg = Debug|Any CPU
		{91A23D9C-93E7-4996-95DE-EDFACFB0ABDB}.Debug|Any CPU.Build.0 = Debug|Any CPU
		{91A23D9C-93E7-4996-95DE-EDFACFB0ABDB}.Release|Any CPU.ActiveCfg = Release|Any CPU
		{91A23D9C-93E7-4996-95DE-EDFACFB0ABDB}.Release|Any CPU.Build.0 = Release|Any CPU
	EndGlobalSection
	GlobalSection(SolutionProperties) = preSolution
		HideSolutionNode = FALSE
	EndGlobalSection
	GlobalSection(NestedProjects) = preSolution
		{B12D2313-3603-4846-8F00-18DA88E734E0} = {DEDAEEB9-7EA0-4EB5-94F3-24F38E1F4CB8}
		{2EAD14E4-95D3-4235-9645-11981BDADED8} = {DEDAEEB9-7EA0-4EB5-94F3-24F38E1F4CB8}
		{4FB91F43-4CC9-4CB8-B1DA-D7C5E8D8D927} = {870287DA-ACAC-46FE-9009-2AEDE8250932}
		{B9614418-224B-453C-A6D5-5D4C28F6B215} = {B12D2313-3603-4846-8F00-18DA88E734E0}
		{896779C8-DF71-443B-B98F-9AA1B3F7A6F2} = {2EAD14E4-95D3-4235-9645-11981BDADED8}
		{4CC29693-A92D-4DFA-B666-8A728110B5B0} = {2EAD14E4-95D3-4235-9645-11981BDADED8}
		{ED9FB0F8-4748-44FD-837D-1414235D5114} = {02BB73A2-6B60-4194-B58F-64AD8049EFEE}
		{A076E3B9-13EF-409F-90AA-63F6D805BB99} = {02BB73A2-6B60-4194-B58F-64AD8049EFEE}
		{688D651E-5AEF-47A6-9ACA-A35D0A3CD58B} = {021A0ECB-63DD-46C8-B146-4B1F4D798BC1}
		{8DA85A07-55CB-46F3-AFE4-1F7A6791AF11} = {19F90582-2C6D-42C8-A291-4F7A9E1D6885}
		{91A23D9C-93E7-4996-95DE-EDFACFB0ABDB} = {19F90582-2C6D-42C8-A291-4F7A9E1D6885}
	EndGlobalSection
	GlobalSection(ExtensibilityGlobals) = postSolution
		SolutionGuid = {8A52FF8D-0902-4934-9F6F-334D70A20F2C}
	EndGlobalSection
EndGlobal
